
Microsoft Visual Studio Solution File, Format Version 12.00
# Visual Studio Version 16
VisualStudioVersion = 16.0.30225.117
MinimumVisualStudioVersion = 10.0.40219.1
Project("{FAE04EC0-301F-11D3-BF4B-00C04F79EFBC}") = "Lab 6 Project_POS Terminal", "Lab 6 Project_POS Terminal.csproj", "{D6467622-4744-4EC8-819E-08F6B4C66658}"
EndProject
Project("{FAE04EC0-301F-11D3-BF4B-00C04F79EFBC}") = "Lab 6 Project_POS Terminal Tests", "..\Lab 6 Project_POS Terminal Tests\Lab 6 Project_POS Terminal Tests.csproj", "{D78CDAE7-6FF1-4893-AB15-1CEA464A2C3C}"
EndProject
Global
	GlobalSection(SolutionConfigurationPlatforms) = preSolution
		Debug|Any CPU = Debug|Any CPU
		Release|Any CPU = Release|Any CPU
	EndGlobalSection
	GlobalSection(ProjectConfigurationPlatforms) = postSolution
		{D6467622-4744-4EC8-819E-08F6B4C66658}.Debug|Any CPU.ActiveCfg = Debug|Any CPU
		{D6467622-4744-4EC8-819E-08F6B4C66658}.Debug|Any CPU.Build.0 = Debug|Any CPU
		{D6467622-4744-4EC8-819E-08F6B4C66658}.Release|Any CPU.ActiveCfg = Release|Any CPU
		{D6467622-4744-4EC8-819E-08F6B4C66658}.Release|Any CPU.Build.0 = Release|Any CPU
		{D78CDAE7-6FF1-4893-AB15-1CEA464A2C3C}.Debug|Any CPU.ActiveCfg = Debug|Any CPU
		{D78CDAE7-6FF1-4893-AB15-1CEA464A2C3C}.Debug|Any CPU.Build.0 = Debug|Any CPU
		{D78CDAE7-6FF1-4893-AB15-1CEA464A2C3C}.Release|Any CPU.ActiveCfg = Release|Any CPU
		{D78CDAE7-6FF1-4893-AB15-1CEA464A2C3C}.Release|Any CPU.Build.0 = Release|Any CPU
	EndGlobalSection
	GlobalSection(SolutionProperties) = preSolution
		HideSolutionNode = FALSE
	EndGlobalSection
	GlobalSection(ExtensibilityGlobals) = postSolution
		SolutionGuid = {3AF9A4D9-11F0-4DB3-BF2B-EC5500C6EE3F}
	EndGlobalSection
EndGlobal
